// !$*UTF8*$!
{
	archiveVersion = 1;
	classes = {
	};
	objectVersion = 55;
	objects = {

/* Begin PBXBuildFile section */
		64135179272ED25000EBCD1F /* AppDelegate.swift in Sources */ = {isa = PBXBuildFile; fileRef = 64135178272ED25000EBCD1F /* AppDelegate.swift */; };
		6413517B272ED25000EBCD1F /* SceneDelegate.swift in Sources */ = {isa = PBXBuildFile; fileRef = 6413517A272ED25000EBCD1F /* SceneDelegate.swift */; };
		6413517D272ED25000EBCD1F /* ViewController.swift in Sources */ = {isa = PBXBuildFile; fileRef = 6413517C272ED25000EBCD1F /* ViewController.swift */; };
		64135180272ED25000EBCD1F /* Main.storyboard in Resources */ = {isa = PBXBuildFile; fileRef = 6413517E272ED25000EBCD1F /* Main.storyboard */; };
		64135182272ED25600EBCD1F /* Assets.xcassets in Resources */ = {isa = PBXBuildFile; fileRef = 64135181272ED25600EBCD1F /* Assets.xcassets */; };
		64135185272ED25600EBCD1F /* LaunchScreen.storyboard in Resources */ = {isa = PBXBuildFile; fileRef = 64135183272ED25600EBCD1F /* LaunchScreen.storyboard */; };
		64135190272ED25700EBCD1F /* myProject2Tests.swift in Sources */ = {isa = PBXBuildFile; fileRef = 6413518F272ED25700EBCD1F /* myProject2Tests.swift */; };
		6413519A272ED25700EBCD1F /* myProject2UITests.swift in Sources */ = {isa = PBXBuildFile; fileRef = 64135199272ED25700EBCD1F /* myProject2UITests.swift */; };
		6413519C272ED25700EBCD1F /* myProject2UITestsLaunchTests.swift in Sources */ = {isa = PBXBuildFile; fileRef = 6413519B272ED25700EBCD1F /* myProject2UITestsLaunchTests.swift */; };
		641351A9272ED2FE00EBCD1F /* HomeTableViewController.swift in Sources */ = {isa = PBXBuildFile; fileRef = 641351A8272ED2FE00EBCD1F /* HomeTableViewController.swift */; };
		641351B72730356600EBCD1F /* Model.swift in Sources */ = {isa = PBXBuildFile; fileRef = 641351B62730356600EBCD1F /* Model.swift */; };
		641351BA2730361900EBCD1F /* FlowerTableViewCell.swift in Sources */ = {isa = PBXBuildFile; fileRef = 641351B82730361900EBCD1F /* FlowerTableViewCell.swift */; };
		641351BB2730361900EBCD1F /* FlowerTableViewCell.xib in Resources */ = {isa = PBXBuildFile; fileRef = 641351B92730361900EBCD1F /* FlowerTableViewCell.xib */; };
/* End PBXBuildFile section */

/* Begin PBXContainerItemProxy section */
		6413518C272ED25700EBCD1F /* PBXContainerItemProxy */ = {
			isa = PBXContainerItemProxy;
			containerPortal = 6413516D272ED25000EBCD1F /* Project object */;
			proxyType = 1;
			remoteGlobalIDString = 64135174272ED25000EBCD1F;
			remoteInfo = myProject2;
		};
		64135196272ED25700EBCD1F /* PBXContainerItemProxy */ = {
			isa = PBXContainerItemProxy;
			containerPortal = 6413516D272ED25000EBCD1F /* Project object */;
			proxyType = 1;
			remoteGlobalIDString = 64135174272ED25000EBCD1F;
			remoteInfo = myProject2;
		};
/* End PBXContainerItemProxy section */

/* Begin PBXFileReference section */
		64135175272ED25000EBCD1F /* myProject2.app */ = {isa = PBXFileReference; explicitFileType = wrapper.application; includeInIndex = 0; path = myProject2.app; sourceTree = BUILT_PRODUCTS_DIR; };
		64135178272ED25000EBCD1F /* AppDelegate.swift */ = {isa = PBXFileReference; lastKnownFileType = sourcecode.swift; path = AppDelegate.swift; sourceTree = "<group>"; };
		6413517A272ED25000EBCD1F /* SceneDelegate.swift */ = {isa = PBXFileReference; lastKnownFileType = sourcecode.swift; path = SceneDelegate.swift; sourceTree = "<group>"; };
		6413517C272ED25000EBCD1F /* ViewController.swift */ = {isa = PBXFileReference; lastKnownFileType = sourcecode.swift; path = ViewController.swift; sourceTree = "<group>"; };
		6413517F272ED25000EBCD1F /* Base */ = {isa = PBXFileReference; lastKnownFileType = file.storyboard; name = Base; path = Base.lproj/Main.storyboard; sourceTree = "<group>"; };
		64135181272ED25600EBCD1F /* Assets.xcassets */ = {isa = PBXFileReference; lastKnownFileType = folder.assetcatalog; path = Assets.xcassets; sourceTree = "<group>"; };
		64135184272ED25600EBCD1F /* Base */ = {isa = PBXFileReference; lastKnownFileType = file.storyboard; name = Base; path = Base.lproj/LaunchScreen.storyboard; sourceTree = "<group>"; };
		64135186272ED25600EBCD1F /* Info.plist */ = {isa = PBXFileReference; lastKnownFileType = text.plist.xml; path = Info.plist; sourceTree = "<group>"; };
		6413518B272ED25700EBCD1F /* myProject2Tests.xctest */ = {isa = PBXFileReference; explicitFileType = wrapper.cfbundle; includeInIndex = 0; path = myProject2Tests.xctest; sourceTree = BUILT_PRODUCTS_DIR; };
		6413518F272ED25700EBCD1F /* myProject2Tests.swift */ = {isa = PBXFileReference; lastKnownFileType = sourcecode.swift; path = myProject2Tests.swift; sourceTree = "<group>"; };
		64135195272ED25700EBCD1F /* myProject2UITests.xctest */ = {isa = PBXFileReference; explicitFileType = wrapper.cfbundle; includeInIndex = 0; path = myProject2UITests.xctest; sourceTree = BUILT_PRODUCTS_DIR; };
		64135199272ED25700EBCD1F /* myProject2UITests.swift */ = {isa = PBXFileReference; lastKnownFileType = sourcecode.swift; path = myProject2UITests.swift; sourceTree = "<group>"; };
		6413519B272ED25700EBCD1F /* myProject2UITestsLaunchTests.swift */ = {isa = PBXFileReference; lastKnownFileType = sourcecode.swift; path = myProject2UITestsLaunchTests.swift; sourceTree = "<group>"; };
		641351A8272ED2FE00EBCD1F /* HomeTableViewController.swift */ = {isa = PBXFileReference; lastKnownFileType = sourcecode.swift; path = HomeTableViewController.swift; sourceTree = "<group>"; };
		641351B62730356600EBCD1F /* Model.swift */ = {isa = PBXFileReference; lastKnownFileType = sourcecode.swift; path = Model.swift; sourceTree = "<group>"; };
		641351B82730361900EBCD1F /* FlowerTableViewCell.swift */ = {isa = PBXFileReference; lastKnownFileType = sourcecode.swift; path = FlowerTableViewCell.swift; sourceTree = "<group>"; };
		641351B92730361900EBCD1F /* FlowerTableViewCell.xib */ = {isa = PBXFileReference; lastKnownFileType = file.xib; path = FlowerTableViewCell.xib; sourceTree = "<group>"; };
/* End PBXFileReference section */

/* Begin PBXFrameworksBuildPhase section */
		64135172272ED25000EBCD1F /* Frameworks */ = {
			isa = PBXFrameworksBuildPhase;
			buildActionMask = 2147483647;
			files = (
			);
			runOnlyForDeploymentPostprocessing = 0;
		};
		64135188272ED25700EBCD1F /* Frameworks */ = {
			isa = PBXFrameworksBuildPhase;
			buildActionMask = 2147483647;
			files = (
			);
			runOnlyForDeploymentPostprocessing = 0;
		};
		64135192272ED25700EBCD1F /* Frameworks */ = {
			isa = PBXFrameworksBuildPhase;
			buildActionMask = 2147483647;
			files = (
			);
			runOnlyForDeploymentPostprocessing = 0;
		};
/* End PBXFrameworksBuildPhase section */

/* Begin PBXGroup section */
		6413516C272ED25000EBCD1F = {
			isa = PBXGroup;
			children = (
				64135177272ED25000EBCD1F /* myProject2 */,
				6413518E272ED25700EBCD1F /* myProject2Tests */,
				64135198272ED25700EBCD1F /* myProject2UITests */,
				64135176272ED25000EBCD1F /* Products */,
			);
			sourceTree = "<group>";
		};
		64135176272ED25000EBCD1F /* Products */ = {
			isa = PBXGroup;
			children = (
				64135175272ED25000EBCD1F /* myProject2.app */,
				6413518B272ED25700EBCD1F /* myProject2Tests.xctest */,
				64135195272ED25700EBCD1F /* myProject2UITests.xctest */,
			);
			name = Products;
			sourceTree = "<group>";
		};
		64135177272ED25000EBCD1F /* myProject2 */ = {
			isa = PBXGroup;
			children = (
				64135178272ED25000EBCD1F /* AppDelegate.swift */,
				6413517A272ED25000EBCD1F /* SceneDelegate.swift */,
				6413517C272ED25000EBCD1F /* ViewController.swift */,
				6413517E272ED25000EBCD1F /* Main.storyboard */,
				641351B82730361900EBCD1F /* FlowerTableViewCell.swift */,
				641351B92730361900EBCD1F /* FlowerTableViewCell.xib */,
				641351B62730356600EBCD1F /* Model.swift */,
				641351A8272ED2FE00EBCD1F /* HomeTableViewController.swift */,
				64135181272ED25600EBCD1F /* Assets.xcassets */,
				64135183272ED25600EBCD1F /* LaunchScreen.storyboard */,
				64135186272ED25600EBCD1F /* Info.plist */,
			);
			path = myProject2;
			sourceTree = "<group>";
		};
		6413518E272ED25700EBCD1F /* myProject2Tests */ = {
			isa = PBXGroup;
			children = (
				6413518F272ED25700EBCD1F /* myProject2Tests.swift */,
			);
			path = myProject2Tests;
			sourceTree = "<group>";
		};
		64135198272ED25700EBCD1F /* myProject2UITests */ = {
			isa = PBXGroup;
			children = (
				64135199272ED25700EBCD1F /* myProject2UITests.swift */,
				6413519B272ED25700EBCD1F /* myProject2UITestsLaunchTests.swift */,
			);
			path = myProject2UITests;
			sourceTree = "<group>";
		};
/* End PBXGroup section */

/* Begin PBXNativeTarget section */
		64135174272ED25000EBCD1F /* myProject2 */ = {
			isa = PBXNativeTarget;
			buildConfigurationList = 6413519F272ED25700EBCD1F /* Build configuration list for PBXNativeTarget "myProject2" */;
			buildPhases = (
				64135171272ED25000EBCD1F /* Sources */,
				64135172272ED25000EBCD1F /* Frameworks */,
				64135173272ED25000EBCD1F /* Resources */,
			);
			buildRules = (
			);
			dependencies = (
			);
			name = myProject2;
			productName = myProject2;
			productReference = 64135175272ED25000EBCD1F /* myProject2.app */;
			productType = "com.apple.product-type.application";
		};
		6413518A272ED25700EBCD1F /* myProject2Tests */ = {
			isa = PBXNativeTarget;
			buildConfigurationList = 641351A2272ED25700EBCD1F /* Build configuration list for PBXNativeTarget "myProject2Tests" */;
			buildPhases = (
				64135187272ED25700EBCD1F /* Sources */,
				64135188272ED25700EBCD1F /* Frameworks */,
				64135189272ED25700EBCD1F /* Resources */,
			);
			buildRules = (
			);
			dependencies = (
				6413518D272ED25700EBCD1F /* PBXTargetDependency */,
			);
			name = myProject2Tests;
			productName = myProject2Tests;
			productReference = 6413518B272ED25700EBCD1F /* myProject2Tests.xctest */;
			productType = "com.apple.product-type.bundle.unit-test";
		};
		64135194272ED25700EBCD1F /* myProject2UITests */ = {
			isa = PBXNativeTarget;
			buildConfigurationList = 641351A5272ED25700EBCD1F /* Build configuration list for PBXNativeTarget "myProject2UITests" */;
			buildPhases = (
				64135191272ED25700EBCD1F /* Sources */,
				64135192272ED25700EBCD1F /* Frameworks */,
				64135193272ED25700EBCD1F /* Resources */,
			);
			buildRules = (
			);
			dependencies = (
				64135197272ED25700EBCD1F /* PBXTargetDependency */,
			);
			name = myProject2UITests;
			productName = myProject2UITests;
			productReference = 64135195272ED25700EBCD1F /* myProject2UITests.xctest */;
			productType = "com.apple.product-type.bundle.ui-testing";
		};
/* End PBXNativeTarget section */

/* Begin PBXProject section */
		6413516D272ED25000EBCD1F /* Project object */ = {
			isa = PBXProject;
			attributes = {
				BuildIndependentTargetsInParallel = 1;
				LastSwiftUpdateCheck = 1300;
				LastUpgradeCheck = 1300;
				TargetAttributes = {
					64135174272ED25000EBCD1F = {
						CreatedOnToolsVersion = 13.0;
					};
					6413518A272ED25700EBCD1F = {
						CreatedOnToolsVersion = 13.0;
						TestTargetID = 64135174272ED25000EBCD1F;
					};
					64135194272ED25700EBCD1F = {
						CreatedOnToolsVersion = 13.0;
						TestTargetID = 64135174272ED25000EBCD1F;
					};
				};
			};
			buildConfigurationList = 64135170272ED25000EBCD1F /* Build configuration list for PBXProject "myProject2" */;
			compatibilityVersion = "Xcode 13.0";
			developmentRegion = en;
			hasScannedForEncodings = 0;
			knownRegions = (
				en,
				Base,
			);
			mainGroup = 6413516C272ED25000EBCD1F;
			productRefGroup = 64135176272ED25000EBCD1F /* Products */;
			projectDirPath = "";
			projectRoot = "";
			targets = (
				64135174272ED25000EBCD1F /* myProject2 */,
				6413518A272ED25700EBCD1F /* myProject2Tests */,
				64135194272ED25700EBCD1F /* myProject2UITests */,
			);
		};
/* End PBXProject section */

/* Begin PBXResourcesBuildPhase section */
		64135173272ED25000EBCD1F /* Resources */ = {
			isa = PBXResourcesBuildPhase;
			buildActionMask = 2147483647;
			files = (
				64135185272ED25600EBCD1F /* LaunchScreen.storyboard in Resources */,
				64135182272ED25600EBCD1F /* Assets.xcassets in Resources */,
				641351BB2730361900EBCD1F /* FlowerTableViewCell.xib in Resources */,
				64135180272ED25000EBCD1F /* Main.storyboard in Resources */,
			);
			runOnlyForDeploymentPostprocessing = 0;
		};
		64135189272ED25700EBCD1F /* Resources */ = {
			isa = PBXResourcesBuildPhase;
			buildActionMask = 2147483647;
			files = (
			);
			runOnlyForDeploymentPostprocessing = 0;
		};
		64135193272ED25700EBCD1F /* Resources */ = {
			isa = PBXResourcesBuildPhase;
			buildActionMask = 2147483647;
			files = (
			);
			runOnlyForDeploymentPostprocessing = 0;
		};
/* End PBXResourcesBuildPhase section */

/* Begin PBXSourcesBuildPhase section */
		64135171272ED25000EBCD1F /* Sources */ = {
			isa = PBXSourcesBuildPhase;
			buildActionMask = 2147483647;
			files = (
				641351B72730356600EBCD1F /* Model.swift in Sources */,
				641351A9272ED2FE00EBCD1F /* HomeTableViewController.swift in Sources */,
				6413517D272ED25000EBCD1F /* ViewController.swift in Sources */,
				64135179272ED25000EBCD1F /* AppDelegate.swift in Sources */,
				641351BA2730361900EBCD1F /* FlowerTableViewCell.swift in Sources */,
				6413517B272ED25000EBCD1F /* SceneDelegate.swift in Sources */,
			);
			runOnlyForDeploymentPostprocessing = 0;
		};
		64135187272ED25700EBCD1F /* Sources */ = {
			isa = PBXSourcesBuildPhase;
			buildActionMask = 2147483647;
			files = (
				64135190272ED25700EBCD1F /* myProject2Tests.swift in Sources */,
			);
			runOnlyForDeploymentPostprocessing = 0;
		};
		64135191272ED25700EBCD1F /* Sources */ = {
			isa = PBXSourcesBuildPhase;
			buildActionMask = 2147483647;
			files = (
				6413519A272ED25700EBCD1F /* myProject2UITests.swift in Sources */,
				6413519C272ED25700EBCD1F /* myProject2UITestsLaunchTests.swift in Sources */,
			);
			runOnlyForDeploymentPostprocessing = 0;
		};
/* End PBXSourcesBuildPhase section */

/* Begin PBXTargetDependency section */
		6413518D272ED25700EBCD1F /* PBXTargetDependency */ = {
			isa = PBXTargetDependency;
			target = 64135174272ED25000EBCD1F /* myProject2 */;
			targetProxy = 6413518C272ED25700EBCD1F /* PBXContainerItemProxy */;
		};
		64135197272ED25700EBCD1F /* PBXTargetDependency */ = {
			isa = PBXTargetDependency;
			target = 64135174272ED25000EBCD1F /* myProject2 */;
			targetProxy = 64135196272ED25700EBCD1F /* PBXContainerItemProxy */;
		};
/* End PBXTargetDependency section */

/* Begin PBXVariantGroup section */
		6413517E272ED25000EBCD1F /* Main.storyboard */ = {
			isa = PBXVariantGroup;
			children = (
				6413517F272ED25000EBCD1F /* Base */,
			);
			name = Main.storyboard;
			sourceTree = "<group>";
		};
		64135183272ED25600EBCD1F /* LaunchScreen.storyboard */ = {
			isa = PBXVariantGroup;
			children = (
				64135184272ED25600EBCD1F /* Base */,
			);
			name = LaunchScreen.storyboard;
			sourceTree = "<group>";
		};
/* End PBXVariantGroup section */

/* Begin XCBuildConfiguration section */
		6413519D272ED25700EBCD1F /* Debug */ = {
			isa = XCBuildConfiguration;
			buildSettings = {
				ALWAYS_SEARCH_USER_PATHS = NO;
				CLANG_ANALYZER_NONNULL = YES;
				CLANG_ANALYZER_NUMBER_OBJECT_CONVERSION = YES_AGGRESSIVE;
				CLANG_CXX_LANGUAGE_STANDARD = "gnu++17";
				CLANG_CXX_LIBRARY = "libc++";
				CLANG_ENABLE_MODULES = YES;
				CLANG_ENABLE_OBJC_ARC = YES;
				CLANG_ENABLE_OBJC_WEAK = YES;
				CLANG_WARN_BLOCK_CAPTURE_AUTORELEASING = YES;
				CLANG_WARN_BOOL_CONVERSION = YES;
				CLANG_WARN_COMMA = YES;
				CLANG_WARN_CONSTANT_CONVERSION = YES;
				CLANG_WARN_DEPRECATED_OBJC_IMPLEMENTATIONS = YES;
				CLANG_WARN_DIRECT_OBJC_ISA_USAGE = YES_ERROR;
				CLANG_WARN_DOCUMENTATION_COMMENTS = YES;
				CLANG_WARN_EMPTY_BODY = YES;
				CLANG_WARN_ENUM_CONVERSION = YES;
				CLANG_WARN_INFINITE_RECURSION = YES;
				CLANG_WARN_INT_CONVERSION = YES;
				CLANG_WARN_NON_LITERAL_NULL_CONVERSION = YES;
				CLANG_WARN_OBJC_IMPLICIT_RETAIN_SELF = YES;
				CLANG_WARN_OBJC_LITERAL_CONVERSION = YES;
				CLANG_WARN_OBJC_ROOT_CLASS = YES_ERROR;
				CLANG_WARN_QUOTED_INCLUDE_IN_FRAMEWORK_HEADER = YES;
				CLANG_WARN_RANGE_LOOP_ANALYSIS = YES;
				CLANG_WARN_STRICT_PROTOTYPES = YES;
				CLANG_WARN_SUSPICIOUS_MOVE = YES;
				CLANG_WARN_UNGUARDED_AVAILABILITY = YES_AGGRESSIVE;
				CLANG_WARN_UNREACHABLE_CODE = YES;
				CLANG_WARN__DUPLICATE_METHOD_MATCH = YES;
				COPY_PHASE_STRIP = NO;
				DEBUG_INFORMATION_FORMAT = dwarf;
				ENABLE_STRICT_OBJC_MSGSEND = YES;
				ENABLE_TESTABILITY = YES;
				GCC_C_LANGUAGE_STANDARD = gnu11;
				GCC_DYNAMIC_NO_PIC = NO;
				GCC_NO_COMMON_BLOCKS = YES;
				GCC_OPTIMIZATION_LEVEL = 0;
				GCC_PREPROCESSOR_DEFINITIONS = (
					"DEBUG=1",
					"$(inherited)",
				);
				GCC_WARN_64_TO_32_BIT_CONVERSION = YES;
				GCC_WARN_ABOUT_RETURN_TYPE = YES_ERROR;
				GCC_WARN_UNDECLARED_SELECTOR = YES;
				GCC_WARN_UNINITIALIZED_AUTOS = YES_AGGRESSIVE;
				GCC_WARN_UNUSED_FUNCTION = YES;
				GCC_WARN_UNUSED_VARIABLE = YES;
				IPHONEOS_DEPLOYMENT_TARGET = 15.0;
				MTL_ENABLE_DEBUG_INFO = INCLUDE_SOURCE;
				MTL_FAST_MATH = YES;
				ONLY_ACTIVE_ARCH = YES;
				SDKROOT = iphoneos;
				SWIFT_ACTIVE_COMPILATION_CONDITIONS = DEBUG;
				SWIFT_OPTIMIZATION_LEVEL = "-Onone";
			};
			name = Debug;
		};
		6413519E272ED25700EBCD1F /* Release */ = {
			isa = XCBuildConfiguration;
			buildSettings = {
				ALWAYS_SEARCH_USER_PATHS = NO;
				CLANG_ANALYZER_NONNULL = YES;
				CLANG_ANALYZER_NUMBER_OBJECT_CONVERSION = YES_AGGRESSIVE;
				CLANG_CXX_LANGUAGE_STANDARD = "gnu++17";
				CLANG_CXX_LIBRARY = "libc++";
				CLANG_ENABLE_MODULES = YES;
				CLANG_ENABLE_OBJC_ARC = YES;
				CLANG_ENABLE_OBJC_WEAK = YES;
				CLANG_WARN_BLOCK_CAPTURE_AUTORELEASING = YES;
				CLANG_WARN_BOOL_CONVERSION = YES;
				CLANG_WARN_COMMA = YES;
				CLANG_WARN_CONSTANT_CONVERSION = YES;
				CLANG_WARN_DEPRECATED_OBJC_IMPLEMENTATIONS = YES;
				CLANG_WARN_DIRECT_OBJC_ISA_USAGE = YES_ERROR;
				CLANG_WARN_DOCUMENTATION_COMMENTS = YES;
				CLANG_WARN_EMPTY_BODY = YES;
				CLANG_WARN_ENUM_CONVERSION = YES;
				CLANG_WARN_INFINITE_RECURSION = YES;
				CLANG_WARN_INT_CONVERSION = YES;
				CLANG_WARN_NON_LITERAL_NULL_CONVERSION = YES;
				CLANG_WARN_OBJC_IMPLICIT_RETAIN_SELF = YES;
				CLANG_WARN_OBJC_LITERAL_CONVERSION = YES;
				CLANG_WARN_OBJC_ROOT_CLASS = YES_ERROR;
				CLANG_WARN_QUOTED_INCLUDE_IN_FRAMEWORK_HEADER = YES;
				CLANG_WARN_RANGE_LOOP_ANALYSIS = YES;
				CLANG_WARN_STRICT_PROTOTYPES = YES;
				CLANG_WARN_SUSPICIOUS_MOVE = YES;
				CLANG_WARN_UNGUARDED_AVAILABILITY = YES_AGGRESSIVE;
				CLANG_WARN_UNREACHABLE_CODE = YES;
				CLANG_WARN__DUPLICATE_METHOD_MATCH = YES;
				COPY_PHASE_STRIP = NO;
				DEBUG_INFORMATION_FORMAT = "dwarf-with-dsym";
				ENABLE_NS_ASSERTIONS = NO;
				ENABLE_STRICT_OBJC_MSGSEND = YES;
				GCC_C_LANGUAGE_STANDARD = gnu11;
				GCC_NO_COMMON_BLOCKS = YES;
				GCC_WARN_64_TO_32_BIT_CONVERSION = YES;
				GCC_WARN_ABOUT_RETURN_TYPE = YES_ERROR;
				GCC_WARN_UNDECLARED_SELECTOR = YES;
				GCC_WARN_UNINITIALIZED_AUTOS = YES_AGGRESSIVE;
				GCC_WARN_UNUSED_FUNCTION = YES;
				GCC_WARN_UNUSED_VARIABLE = YES;
				IPHONEOS_DEPLOYMENT_TARGET = 15.0;
				MTL_ENABLE_DEBUG_INFO = NO;
				MTL_FAST_MATH = YES;
				SDKROOT = iphoneos;
				SWIFT_COMPILATION_MODE = wholemodule;
				SWIFT_OPTIMIZATION_LEVEL = "-O";
				VALIDATE_PRODUCT = YES;
			};
			name = Release;
		};
		641351A0272ED25700EBCD1F /* Debug */ = {
			isa = XCBuildConfiguration;
			buildSettings = {
				ASSETCATALOG_COMPILER_APPICON_NAME = AppIcon;
				ASSETCATALOG_COMPILER_GLOBAL_ACCENT_COLOR_NAME = AccentColor;
				CODE_SIGN_STYLE = Automatic;
				CURRENT_PROJECT_VERSION = 1;
				GENERATE_INFOPLIST_FILE = YES;
				INFOPLIST_FILE = myProject2/Info.plist;
				INFOPLIST_KEY_UIApplicationSupportsIndirectInputEvents = YES;
				INFOPLIST_KEY_UILaunchStoryboardName = LaunchScreen;
				INFOPLIST_KEY_UIMainStoryboardFile = Main;
				INFOPLIST_KEY_UISupportedInterfaceOrientations_iPad = "UIInterfaceOrientationPortrait UIInterfaceOrientationPortraitUpsideDown UIInterfaceOrientationLandscapeLeft UIInterfaceOrientationLandscapeRight";
				INFOPLIST_KEY_UISupportedInterfaceOrientations_iPhone = "UIInterfaceOrientationPortrait UIInterfaceOrientationLandscapeLeft UIInterfaceOrientationLandscapeRight";
				LD_RUNPATH_SEARCH_PATHS = (
					"$(inherited)",
					"@executable_path/Frameworks",
				);
				MARKETING_VERSION = 1.0;
				PRODUCT_BUNDLE_IDENTIFIER = com.ex.myProject2;
				PRODUCT_NAME = "$(TARGET_NAME)";
				SWIFT_EMIT_LOC_STRINGS = YES;
				SWIFT_VERSION = 5.0;
				TARGETED_DEVICE_FAMILY = "1,2";
			};
			name = Debug;
		};
		641351A1272ED25700EBCD1F /* Release */ = {
			isa = XCBuildConfiguration;
			buildSettings = {
				ASSETCATALOG_COMPILER_APPICON_NAME = AppIcon;
				ASSETCATALOG_COMPILER_GLOBAL_ACCENT_COLOR_NAME = AccentColor;
				CODE_SIGN_STYLE = Automatic;
				CURRENT_PROJECT_VERSION = 1;
				GENERATE_INFOPLIST_FILE = YES;
				INFOPLIST_FILE = myProject2/Info.plist;
				INFOPLIST_KEY_UIApplicationSupportsIndirectInputEvents = YES;
				INFOPLIST_KEY_UILaunchStoryboardName = LaunchScreen;
				INFOPLIST_KEY_UIMainStoryboardFile = Main;
				INFOPLIST_KEY_UISupportedInterfaceOrientations_iPad = "UIInterfaceOrientationPortrait UIInterfaceOrientationPortraitUpsideDown UIInterfaceOrientationLandscapeLeft UIInterfaceOrientationLandscapeRight";
				INFOPLIST_KEY_UISupportedInterfaceOrientations_iPhone = "UIInterfaceOrientationPortrait UIInterfaceOrientationLandscapeLeft UIInterfaceOrientationLandscapeRight";
				LD_RUNPATH_SEARCH_PATHS = (
					"$(inherited)",
					"@executable_path/Frameworks",
				);
				MARKETING_VERSION = 1.0;
				PRODUCT_BUNDLE_IDENTIFIER = com.ex.myProject2;
				PRODUCT_NAME = "$(TARGET_NAME)";
				SWIFT_EMIT_LOC_STRINGS = YES;
				SWIFT_VERSION = 5.0;
				TARGETED_DEVICE_FAMILY = "1,2";
			};
			name = Release;
		};
		641351A3272ED25700EBCD1F /* Debug */ = {
			isa = XCBuildConfiguration;
			buildSettings = {
				ALWAYS_EMBED_SWIFT_STANDARD_LIBRARIES = YES;
				BUNDLE_LOADER = "$(TEST_HOST)";
				CODE_SIGN_STYLE = Automatic;
				CURRENT_PROJECT_VERSION = 1;
				GENERATE_INFOPLIST_FILE = YES;
				IPHONEOS_DEPLOYMENT_TARGET = 15.0;
				LD_RUNPATH_SEARCH_PATHS = (
					"$(inherited)",
					"@executable_path/Frameworks",
					"@loader_path/Frameworks",
				);
				MARKETING_VERSION = 1.0;
				PRODUCT_BUNDLE_IDENTIFIER = com.ex.myProject2Tests;
				PRODUCT_NAME = "$(TARGET_NAME)";
				SWIFT_EMIT_LOC_STRINGS = NO;
				SWIFT_VERSION = 5.0;
				TARGETED_DEVICE_FAMILY = "1,2";
				TEST_HOST = "$(BUILT_PRODUCTS_DIR)/myProject2.app/myProject2";
			};
			name = Debug;
		};
		641351A4272ED25700EBCD1F /* Release */ = {
			isa = XCBuildConfiguration;
			buildSettings = {
				ALWAYS_EMBED_SWIFT_STANDARD_LIBRARIES = YES;
				BUNDLE_LOADER = "$(TEST_HOST)";
				CODE_SIGN_STYLE = Automatic;
				CURRENT_PROJECT_VERSION = 1;
				GENERATE_INFOPLIST_FILE = YES;
				IPHONEOS_DEPLOYMENT_TARGET = 15.0;
				LD_RUNPATH_SEARCH_PATHS = (
					"$(inherited)",
					"@executable_path/Frameworks",
					"@loader_path/Frameworks",
				);
				MARKETING_VERSION = 1.0;
				PRODUCT_BUNDLE_IDENTIFIER = com.ex.myProject2Tests;
				PRODUCT_NAME = "$(TARGET_NAME)";
				SWIFT_EMIT_LOC_STRINGS = NO;
				SWIFT_VERSION = 5.0;
				TARGETED_DEVICE_FAMILY = "1,2";
				TEST_HOST = "$(BUILT_PRODUCTS_DIR)/myProject2.app/myProject2";
			};
			name = Release;
		};
		641351A6272ED25700EBCD1F /* Debug */ = {
			isa = XCBuildConfiguration;
			buildSettings = {
				ALWAYS_EMBED_SWIFT_STANDARD_LIBRARIES = YES;
				CODE_SIGN_STYLE = Automatic;
				CURRENT_PROJECT_VERSION = 1;
				GENERATE_INFOPLIST_FILE = YES;
				LD_RUNPATH_SEARCH_PATHS = (
					"$(inherited)",
					"@executable_path/Frameworks",
					"@loader_path/Frameworks",
				);
				MARKETING_VERSION = 1.0;
				PRODUCT_BUNDLE_IDENTIFIER = com.ex.myProject2UITests;
				PRODUCT_NAME = "$(TARGET_NAME)";
				SWIFT_EMIT_LOC_STRINGS = NO;
				SWIFT_VERSION = 5.0;
				TARGETED_DEVICE_FAMILY = "1,2";
				TEST_TARGET_NAME = myProject2;
			};
			name = Debug;
		};
		641351A7272ED25700EBCD1F /* Release */ = {
			isa = XCBuildConfiguration;
			buildSettings = {
				ALWAYS_EMBED_SWIFT_STANDARD_LIBRARIES = YES;
				CODE_SIGN_STYLE = Automatic;
				CURRENT_PROJECT_VERSION = 1;
				GENERATE_INFOPLIST_FILE = YES;
				LD_RUNPATH_SEARCH_PATHS = (
					"$(inherited)",
					"@executable_path/Frameworks",
					"@loader_path/Frameworks",
				);
				MARKETING_VERSION = 1.0;
				PRODUCT_BUNDLE_IDENTIFIER = com.ex.myProject2UITests;
				PRODUCT_NAME = "$(TARGET_NAME)";
				SWIFT_EMIT_LOC_STRINGS = NO;
				SWIFT_VERSION = 5.0;
				TARGETED_DEVICE_FAMILY = "1,2";
				TEST_TARGET_NAME = myProject2;
			};
			name = Release;
		};
/* End XCBuildConfiguration section */

/* Begin XCConfigurationList section */
		64135170272ED25000EBCD1F /* Build configuration list for PBXProject "myProject2" */ = {
			isa = XCConfigurationList;
			buildConfigurations = (
				6413519D272ED25700EBCD1F /* Debug */,
				6413519E272ED25700EBCD1F /* Release */,
			);
			defaultConfigurationIsVisible = 0;
			defaultConfigurationName = Release;
		};
		6413519F272ED25700EBCD1F /* Build configuration list for PBXNativeTarget "myProject2" */ = {
			isa = XCConfigurationList;
			buildConfigurations = (
				641351A0272ED25700EBCD1F /* Debug */,
				641351A1272ED25700EBCD1F /* Release */,
			);
			defaultConfigurationIsVisible = 0;
			defaultConfigurationName = Release;
		};
		641351A2272ED25700EBCD1F /* Build configuration list for PBXNativeTarget "myProject2Tests" */ = {
			isa = XCConfigurationList;
			buildConfigurations = (
				641351A3272ED25700EBCD1F /* Debug */,
				641351A4272ED25700EBCD1F /* Release */,
			);
			defaultConfigurationIsVisible = 0;
			defaultConfigurationName = Release;
		};
		641351A5272ED25700EBCD1F /* Build configuration list for PBXNativeTarget "myProject2UITests" */ = {
			isa = XCConfigurationList;
			buildConfigurations = (
				641351A6272ED25700EBCD1F /* Debug */,
				641351A7272ED25700EBCD1F /* Release */,
			);
			defaultConfigurationIsVisible = 0;
			defaultConfigurationName = Release;
		};
/* End XCConfigurationList section */
	};
	rootObject = 6413516D272ED25000EBCD1F /* Project object */;
}
